
Microsoft Visual Studio Solution File, Format Version 12.00
# Visual Studio Version 16
VisualStudioVersion = 16.0.29613.14
MinimumVisualStudioVersion = 10.0.40219.1
Project("{9A19103F-16F7-4668-BE54-9A1E7A4F7556}") = "Edge", "Edge\Edge.csproj", "{5BD5B93B-EB70-4692-94FB-6C1226026F62}"
EndProject
Project("{9A19103F-16F7-4668-BE54-9A1E7A4F7556}") = "Edge.Modules.EventHandling", "Edge.Modules.EventHandling\Edge.Modules.EventHandling.csproj", "{7759815F-68D2-42C0-9429-8BB8F26E3317}"
EndProject
Project("{9A19103F-16F7-4668-BE54-9A1E7A4F7556}") = "Edge.Modules.EdgeHub", "Edge.Modules.EdgeHub\Edge.Modules.EdgeHub.csproj", "{459230D1-B215-4EDD-9273-3F579DDFEC02}"
EndProject
Project("{9A19103F-16F7-4668-BE54-9A1E7A4F7556}") = "Edge.Modules.Configuration", "Edge.Modules.Configuration\Edge.Modules.Configuration.csproj", "{ED1C06BA-AE47-4062-88BA-55136E8D8908}"
EndProject
Project("{9A19103F-16F7-4668-BE54-9A1E7A4F7556}") = "Edge.Modules.EventHandling.Specs", "Edge.Modules.EventHandling.Specs\Edge.Modules.EventHandling.Specs.csproj", "{9BC3BBAD-BDA0-4EE6-9A8A-F20D98D14955}"
EndProject
Project("{9A19103F-16F7-4668-BE54-9A1E7A4F7556}") = "Edge.Modules.EdgeHub.Specs", "Edge.Modules.EdgeHub.Specs\Edge.Modules.EdgeHub.Specs.csproj", "{4CFEC0FA-9993-4266-90DE-BFECCAB563B1}"
EndProject
Project("{9A19103F-16F7-4668-BE54-9A1E7A4F7556}") = "Edge.Modules.Configuration.Specs", "Edge.Modules.Configuration.Specs\Edge.Modules.Configuration.Specs.csproj", "{681C13FF-498F-4EF9-8B90-68B3ABB777F0}"
EndProject
Project("{9A19103F-16F7-4668-BE54-9A1E7A4F7556}") = "Edge.Specs", "Edge.Specs\Edge.Specs.csproj", "{9CD68193-3DAB-476D-BE9C-899158A95994}"
EndProject
Project("{2150E333-8FDC-42A3-9474-1A3956D46DE8}") = "Solution Items", "Solution Items", "{E41E5A72-6C9C-4BBC-99F0-F55A97AC236E}"
	ProjectSection(SolutionItems) = preProject
		.editorconfig = .editorconfig
	EndProjectSection
EndProject
Project("{9A19103F-16F7-4668-BE54-9A1E7A4F7556}") = "Edge.Testing", "Edge.Testing\Edge.Testing.csproj", "{BE465DF6-B35B-4F12-974D-CDE8D6A1B02C}"
EndProject
Project("{9A19103F-16F7-4668-BE54-9A1E7A4F7556}") = "Edge.Testing.Specs", "Edge.Testing.Specs\Edge.Testing.Specs.csproj", "{39B91336-6F20-428E-A6C7-6DE2AD3D13C1}"
EndProject
Project("{9A19103F-16F7-4668-BE54-9A1E7A4F7556}") = "Edge.Modules.Scheduling", "Edge.Modules.Scheduling\Edge.Modules.Scheduling.csproj", "{A54024C3-3B0B-4538-9E9C-B3C3757FF351}"
EndProject
Project("{9A19103F-16F7-4668-BE54-9A1E7A4F7556}") = "Edge.Modules.Scheduling.Specs", "Edge.Modules.Scheduling.Specs\Edge.Modules.Scheduling.Specs.csproj", "{2B52146C-843F-4BBC-9771-6FA66D1F065F}"
EndProject
Project("{9A19103F-16F7-4668-BE54-9A1E7A4F7556}") = "Edge.Modules.EventHub", "Edge.Modules.EventHub\Edge.Modules.EventHub.csproj", "{4FA13868-094A-42FB-8234-4C49188E48FE}"
EndProject
Project("{9A19103F-16F7-4668-BE54-9A1E7A4F7556}") = "Edge.Modules.Timescaledb", "Edge.Modules.Timescaledb\Edge.Modules.Timescaledb.csproj", "{70DA761D-E19B-458E-B706-616117F8322C}"
EndProject
Project("{9A19103F-16F7-4668-BE54-9A1E7A4F7556}") = "Edge.Modules.IotHub", "Edge.Modules.IotHub\Edge.Modules.IotHub.csproj", "{F089C4EB-2EBF-4C99-887D-6A13F3837AB0}"
EndProject
Project("{9A19103F-16F7-4668-BE54-9A1E7A4F7556}") = "Edge.Modules.Mqtt", "Edge.Modules.Mqtt\Edge.Modules.Mqtt.csproj", "{1E2A7DE8-3CFE-4AA8-BF64-7AF311AAE808}"
EndProject
Project("{9A19103F-16F7-4668-BE54-9A1E7A4F7556}") = "Edge.Modules.EventHub.Specs", "Edge.Modules.EventHub.Specs\Edge.Modules.EventHub.Specs.csproj", "{0694135F-6B51-44D9-B228-24555778F10F}"
EndProject
Global
	GlobalSection(SolutionConfigurationPlatforms) = preSolution
		Debug|Any CPU = Debug|Any CPU
		Release|Any CPU = Release|Any CPU
	EndGlobalSection
	GlobalSection(ProjectConfigurationPlatforms) = postSolution
		{5BD5B93B-EB70-4692-94FB-6C1226026F62}.Debug|Any CPU.ActiveCfg = Debug|Any CPU
		{5BD5B93B-EB70-4692-94FB-6C1226026F62}.Debug|Any CPU.Build.0 = Debug|Any CPU
		{5BD5B93B-EB70-4692-94FB-6C1226026F62}.Release|Any CPU.ActiveCfg = Release|Any CPU
		{5BD5B93B-EB70-4692-94FB-6C1226026F62}.Release|Any CPU.Build.0 = Release|Any CPU
		{7759815F-68D2-42C0-9429-8BB8F26E3317}.Debug|Any CPU.ActiveCfg = Debug|Any CPU
		{7759815F-68D2-42C0-9429-8BB8F26E3317}.Debug|Any CPU.Build.0 = Debug|Any CPU
		{7759815F-68D2-42C0-9429-8BB8F26E3317}.Release|Any CPU.ActiveCfg = Release|Any CPU
		{7759815F-68D2-42C0-9429-8BB8F26E3317}.Release|Any CPU.Build.0 = Release|Any CPU
		{459230D1-B215-4EDD-9273-3F579DDFEC02}.Debug|Any CPU.ActiveCfg = Debug|Any CPU
		{459230D1-B215-4EDD-9273-3F579DDFEC02}.Debug|Any CPU.Build.0 = Debug|Any CPU
		{459230D1-B215-4EDD-9273-3F579DDFEC02}.Release|Any CPU.ActiveCfg = Release|Any CPU
		{459230D1-B215-4EDD-9273-3F579DDFEC02}.Release|Any CPU.Build.0 = Release|Any CPU
		{ED1C06BA-AE47-4062-88BA-55136E8D8908}.Debug|Any CPU.ActiveCfg = Debug|Any CPU
		{ED1C06BA-AE47-4062-88BA-55136E8D8908}.Debug|Any CPU.Build.0 = Debug|Any CPU
		{ED1C06BA-AE47-4062-88BA-55136E8D8908}.Release|Any CPU.ActiveCfg = Release|Any CPU
		{ED1C06BA-AE47-4062-88BA-55136E8D8908}.Release|Any CPU.Build.0 = Release|Any CPU
		{9BC3BBAD-BDA0-4EE6-9A8A-F20D98D14955}.Debug|Any CPU.ActiveCfg = Debug|Any CPU
		{9BC3BBAD-BDA0-4EE6-9A8A-F20D98D14955}.Debug|Any CPU.Build.0 = Debug|Any CPU
		{9BC3BBAD-BDA0-4EE6-9A8A-F20D98D14955}.Release|Any CPU.ActiveCfg = Release|Any CPU
		{9BC3BBAD-BDA0-4EE6-9A8A-F20D98D14955}.Release|Any CPU.Build.0 = Release|Any CPU
		{4CFEC0FA-9993-4266-90DE-BFECCAB563B1}.Debug|Any CPU.ActiveCfg = Debug|Any CPU
		{4CFEC0FA-9993-4266-90DE-BFECCAB563B1}.Debug|Any CPU.Build.0 = Debug|Any CPU
		{4CFEC0FA-9993-4266-90DE-BFECCAB563B1}.Release|Any CPU.ActiveCfg = Release|Any CPU
		{4CFEC0FA-9993-4266-90DE-BFECCAB563B1}.Release|Any CPU.Build.0 = Release|Any CPU
		{681C13FF-498F-4EF9-8B90-68B3ABB777F0}.Debug|Any CPU.ActiveCfg = Debug|Any CPU
		{681C13FF-498F-4EF9-8B90-68B3ABB777F0}.Debug|Any CPU.Build.0 = Debug|Any CPU
		{681C13FF-498F-4EF9-8B90-68B3ABB777F0}.Release|Any CPU.ActiveCfg = Release|Any CPU
		{681C13FF-498F-4EF9-8B90-68B3ABB777F0}.Release|Any CPU.Build.0 = Release|Any CPU
		{9CD68193-3DAB-476D-BE9C-899158A95994}.Debug|Any CPU.ActiveCfg = Debug|Any CPU
		{9CD68193-3DAB-476D-BE9C-899158A95994}.Debug|Any CPU.Build.0 = Debug|Any CPU
		{9CD68193-3DAB-476D-BE9C-899158A95994}.Release|Any CPU.ActiveCfg = Release|Any CPU
		{9CD68193-3DAB-476D-BE9C-899158A95994}.Release|Any CPU.Build.0 = Release|Any CPU
		{BE465DF6-B35B-4F12-974D-CDE8D6A1B02C}.Debug|Any CPU.ActiveCfg = Debug|Any CPU
		{BE465DF6-B35B-4F12-974D-CDE8D6A1B02C}.Debug|Any CPU.Build.0 = Debug|Any CPU
		{BE465DF6-B35B-4F12-974D-CDE8D6A1B02C}.Release|Any CPU.ActiveCfg = Release|Any CPU
		{BE465DF6-B35B-4F12-974D-CDE8D6A1B02C}.Release|Any CPU.Build.0 = Release|Any CPU
		{39B91336-6F20-428E-A6C7-6DE2AD3D13C1}.Debug|Any CPU.ActiveCfg = Debug|Any CPU
		{39B91336-6F20-428E-A6C7-6DE2AD3D13C1}.Debug|Any CPU.Build.0 = Debug|Any CPU
		{39B91336-6F20-428E-A6C7-6DE2AD3D13C1}.Release|Any CPU.ActiveCfg = Release|Any CPU
		{39B91336-6F20-428E-A6C7-6DE2AD3D13C1}.Release|Any CPU.Build.0 = Release|Any CPU
		{A54024C3-3B0B-4538-9E9C-B3C3757FF351}.Debug|Any CPU.ActiveCfg = Debug|Any CPU
		{A54024C3-3B0B-4538-9E9C-B3C3757FF351}.Debug|Any CPU.Build.0 = Debug|Any CPU
		{A54024C3-3B0B-4538-9E9C-B3C3757FF351}.Release|Any CPU.ActiveCfg = Release|Any CPU
		{A54024C3-3B0B-4538-9E9C-B3C3757FF351}.Release|Any CPU.Build.0 = Release|Any CPU
		{2B52146C-843F-4BBC-9771-6FA66D1F065F}.Debug|Any CPU.ActiveCfg = Debug|Any CPU
		{2B52146C-843F-4BBC-9771-6FA66D1F065F}.Debug|Any CPU.Build.0 = Debug|Any CPU
		{2B52146C-843F-4BBC-9771-6FA66D1F065F}.Release|Any CPU.ActiveCfg = Release|Any CPU
		{2B52146C-843F-4BBC-9771-6FA66D1F065F}.Release|Any CPU.Build.0 = Release|Any CPU
		{4FA13868-094A-42FB-8234-4C49188E48FE}.Debug|Any CPU.ActiveCfg = Debug|Any CPU
		{4FA13868-094A-42FB-8234-4C49188E48FE}.Debug|Any CPU.Build.0 = Debug|Any CPU
		{4FA13868-094A-42FB-8234-4C49188E48FE}.Release|Any CPU.ActiveCfg = Release|Any CPU
		{4FA13868-094A-42FB-8234-4C49188E48FE}.Release|Any CPU.Build.0 = Release|Any CPU
		{70DA761D-E19B-458E-B706-616117F8322C}.Debug|Any CPU.ActiveCfg = Debug|Any CPU
		{70DA761D-E19B-458E-B706-616117F8322C}.Debug|Any CPU.Build.0 = Debug|Any CPU
		{70DA761D-E19B-458E-B706-616117F8322C}.Release|Any CPU.ActiveCfg = Release|Any CPU
		{70DA761D-E19B-458E-B706-616117F8322C}.Release|Any CPU.Build.0 = Release|Any CPU
		{F089C4EB-2EBF-4C99-887D-6A13F3837AB0}.Debug|Any CPU.ActiveCfg = Debug|Any CPU
		{F089C4EB-2EBF-4C99-887D-6A13F3837AB0}.Debug|Any CPU.Build.0 = Debug|Any CPU
		{F089C4EB-2EBF-4C99-887D-6A13F3837AB0}.Release|Any CPU.ActiveCfg = Release|Any CPU
		{F089C4EB-2EBF-4C99-887D-6A13F3837AB0}.Release|Any CPU.Build.0 = Release|Any CPU
		{1E2A7DE8-3CFE-4AA8-BF64-7AF311AAE808}.Debug|Any CPU.ActiveCfg = Debug|Any CPU
		{1E2A7DE8-3CFE-4AA8-BF64-7AF311AAE808}.Debug|Any CPU.Build.0 = Debug|Any CPU
		{1E2A7DE8-3CFE-4AA8-BF64-7AF311AAE808}.Release|Any CPU.ActiveCfg = Release|Any CPU
		{1E2A7DE8-3CFE-4AA8-BF64-7AF311AAE808}.Release|Any CPU.Build.0 = Release|Any CPU
		{0694135F-6B51-44D9-B228-24555778F10F}.Debug|Any CPU.ActiveCfg = Debug|Any CPU
		{0694135F-6B51-44D9-B228-24555778F10F}.Debug|Any CPU.Build.0 = Debug|Any CPU
		{0694135F-6B51-44D9-B228-24555778F10F}.Release|Any CPU.ActiveCfg = Release|Any CPU
		{0694135F-6B51-44D9-B228-24555778F10F}.Release|Any CPU.Build.0 = Release|Any CPU
	EndGlobalSection
	GlobalSection(SolutionProperties) = preSolution
		HideSolutionNode = FALSE
	EndGlobalSection
	GlobalSection(ExtensibilityGlobals) = postSolution
		SolutionGuid = {A363F0D1-B74E-4D81-A973-A38673126966}
	EndGlobalSection
EndGlobal
